
Microsoft Visual Studio Solution File, Format Version 12.00
Project("{2150E333-8FDC-42A3-9474-1A3956D46DE8}") = "src", "src", "{F8A0C3FC-36CE-4DE0-A25C-65D500F9E007}"
EndProject
Project("{2150E333-8FDC-42A3-9474-1A3956D46DE8}") = "docs", "docs", "{63FB3FF7-A23B-462A-8455-3393EE4C44C1}"
EndProject
Project("{2150E333-8FDC-42A3-9474-1A3956D46DE8}") = "tests", "tests", "{E5F5E087-7E77-4FDE-96C2-9F2B694B680C}"
EndProject
Project("{FAE04EC0-301F-11D3-BF4B-00C04F79EFBC}") = "ECommerce.ApplicationCore", "src\ECommerce.ApplicationCore\ECommerce.ApplicationCore.csproj", "{5F9C68A0-2F80-4631-AA1B-5E929E29C5C4}"
EndProject
Project("{FAE04EC0-301F-11D3-BF4B-00C04F79EFBC}") = "ECommerce.Infrastructure", "src\ECommerce.Infrastructure\ECommerce.Infrastructure.csproj", "{D3135429-CB8E-48DC-BBA5-8E86FB2DF743}"
EndProject
Project("{FAE04EC0-301F-11D3-BF4B-00C04F79EFBC}") = "ECommerce.API", "src\ECommerce.API\ECommerce.API.csproj", "{8D4BB492-5772-4A56-8847-62C57B459700}"
EndProject
Project("{FAE04EC0-301F-11D3-BF4B-00C04F79EFBC}") = "ECommerce.Application.Tests", "tests\ECommerce.Application.Tests\ECommerce.Application.Tests.csproj", "{6AE929D5-9840-4043-B59A-96843F56365C}"
EndProject
Global
	GlobalSection(SolutionConfigurationPlatforms) = preSolution
		Debug|Any CPU = Debug|Any CPU
		Release|Any CPU = Release|Any CPU
	EndGlobalSection
	GlobalSection(NestedProjects) = preSolution
		{3AB20031-A48F-4EC0-8904-4165239B83ED} = {F8A0C3FC-36CE-4DE0-A25C-65D500F9E007}
		{59DACBB0-DE71-4BFF-8A4F-1CAB165BBB74} = {F8A0C3FC-36CE-4DE0-A25C-65D500F9E007}
		{5F80332F-587D-4B5A-AD03-28DDA5A9CA5C} = {F8A0C3FC-36CE-4DE0-A25C-65D500F9E007}
		{8A048339-4E4A-46EF-BCD6-8C68160BC6BA} = {F8A0C3FC-36CE-4DE0-A25C-65D500F9E007}
		{8D4BB492-5772-4A56-8847-62C57B459700} = {F8A0C3FC-36CE-4DE0-A25C-65D500F9E007}
		{5F9C68A0-2F80-4631-AA1B-5E929E29C5C4} = {F8A0C3FC-36CE-4DE0-A25C-65D500F9E007}
		{D3135429-CB8E-48DC-BBA5-8E86FB2DF743} = {F8A0C3FC-36CE-4DE0-A25C-65D500F9E007}
		{6AE929D5-9840-4043-B59A-96843F56365C} = {E5F5E087-7E77-4FDE-96C2-9F2B694B680C}
	EndGlobalSection
	GlobalSection(ProjectConfigurationPlatforms) = postSolution
		{5F9C68A0-2F80-4631-AA1B-5E929E29C5C4}.Debug|Any CPU.ActiveCfg = Debug|Any CPU
		{5F9C68A0-2F80-4631-AA1B-5E929E29C5C4}.Debug|Any CPU.Build.0 = Debug|Any CPU
		{5F9C68A0-2F80-4631-AA1B-5E929E29C5C4}.Release|Any CPU.ActiveCfg = Release|Any CPU
		{5F9C68A0-2F80-4631-AA1B-5E929E29C5C4}.Release|Any CPU.Build.0 = Release|Any CPU
		{D3135429-CB8E-48DC-BBA5-8E86FB2DF743}.Debug|Any CPU.ActiveCfg = Debug|Any CPU
		{D3135429-CB8E-48DC-BBA5-8E86FB2DF743}.Debug|Any CPU.Build.0 = Debug|Any CPU
		{D3135429-CB8E-48DC-BBA5-8E86FB2DF743}.Release|Any CPU.ActiveCfg = Release|Any CPU
		{D3135429-CB8E-48DC-BBA5-8E86FB2DF743}.Release|Any CPU.Build.0 = Release|Any CPU
		{8D4BB492-5772-4A56-8847-62C57B459700}.Debug|Any CPU.ActiveCfg = Debug|Any CPU
		{8D4BB492-5772-4A56-8847-62C57B459700}.Debug|Any CPU.Build.0 = Debug|Any CPU
		{8D4BB492-5772-4A56-8847-62C57B459700}.Release|Any CPU.ActiveCfg = Release|Any CPU
		{8D4BB492-5772-4A56-8847-62C57B459700}.Release|Any CPU.Build.0 = Release|Any CPU
		{6AE929D5-9840-4043-B59A-96843F56365C}.Debug|Any CPU.ActiveCfg = Debug|Any CPU
		{6AE929D5-9840-4043-B59A-96843F56365C}.Debug|Any CPU.Build.0 = Debug|Any CPU
		{6AE929D5-9840-4043-B59A-96843F56365C}.Release|Any CPU.ActiveCfg = Release|Any CPU
		{6AE929D5-9840-4043-B59A-96843F56365C}.Release|Any CPU.Build.0 = Release|Any CPU
	EndGlobalSection
EndGlobal
